
Microsoft Visual Studio Solution File, Format Version 12.00
# Visual Studio Version 16
VisualStudioVersion = 16.0.31702.278
MinimumVisualStudioVersion = 10.0.40219.1
Project("{2150E333-8FDC-42A3-9474-1A3956D46DE8}") = "MassTransit", "MassTransit", "{D08D5364-E14E-4319-AAE8-90CE057E456D}"
EndProject
Project("{9A19103F-16F7-4668-BE54-9A1E7A4F7556}") = "TesteRabbitMQ.Crosscutting", "TesteRabbitMQ.Crosscutting\TesteRabbitMQ.Crosscutting.csproj", "{F57EC437-8568-49C5-B971-E4ADD63A404E}"
EndProject
Project("{9A19103F-16F7-4668-BE54-9A1E7A4F7556}") = "TesteRabbitMQ.MassTransit.Subscriber", "TesteRabbitMQ.MassTransit.Subscriber\TesteRabbitMQ.MassTransit.Subscriber.csproj", "{B421E650-7F10-4EA2-A2F2-B9CC416966EB}"
EndProject
Project("{FAE04EC0-301F-11D3-BF4B-00C04F79EFBC}") = "TesteRabbitMQ.UseCases", "TesteRabbitMQ.UseCases\TesteRabbitMQ.UseCases.csproj", "{54FB9BC2-EE84-443E-BD96-076ECF399B05}"
EndProject
Project("{FAE04EC0-301F-11D3-BF4B-00C04F79EFBC}") = "TesteRabbitMQ.MassTransit.Publisher", "TesteRabbitMQ.MassTransit.Publisher\TesteRabbitMQ.MassTransit.Publisher.csproj", "{CE68F2B7-B33B-48CF-A610-D73A3007F51E}"
EndProject
Global
	GlobalSection(SolutionConfigurationPlatforms) = preSolution
		Debug|Any CPU = Debug|Any CPU
		Release|Any CPU = Release|Any CPU
	EndGlobalSection
	GlobalSection(ProjectConfigurationPlatforms) = postSolution
		{F57EC437-8568-49C5-B971-E4ADD63A404E}.Debug|Any CPU.ActiveCfg = Debug|Any CPU
		{F57EC437-8568-49C5-B971-E4ADD63A404E}.Debug|Any CPU.Build.0 = Debug|Any CPU
		{F57EC437-8568-49C5-B971-E4ADD63A404E}.Release|Any CPU.ActiveCfg = Release|Any CPU
		{F57EC437-8568-49C5-B971-E4ADD63A404E}.Release|Any CPU.Build.0 = Release|Any CPU
		{B421E650-7F10-4EA2-A2F2-B9CC416966EB}.Debug|Any CPU.ActiveCfg = Debug|Any CPU
		{B421E650-7F10-4EA2-A2F2-B9CC416966EB}.Debug|Any CPU.Build.0 = Debug|Any CPU
		{B421E650-7F10-4EA2-A2F2-B9CC416966EB}.Release|Any CPU.ActiveCfg = Release|Any CPU
		{B421E650-7F10-4EA2-A2F2-B9CC416966EB}.Release|Any CPU.Build.0 = Release|Any CPU
		{54FB9BC2-EE84-443E-BD96-076ECF399B05}.Debug|Any CPU.ActiveCfg = Debug|Any CPU
		{54FB9BC2-EE84-443E-BD96-076ECF399B05}.Debug|Any CPU.Build.0 = Debug|Any CPU
		{54FB9BC2-EE84-443E-BD96-076ECF399B05}.Release|Any CPU.ActiveCfg = Release|Any CPU
		{54FB9BC2-EE84-443E-BD96-076ECF399B05}.Release|Any CPU.Build.0 = Release|Any CPU
		{CE68F2B7-B33B-48CF-A610-D73A3007F51E}.Debug|Any CPU.ActiveCfg = Debug|Any CPU
		{CE68F2B7-B33B-48CF-A610-D73A3007F51E}.Debug|Any CPU.Build.0 = Debug|Any CPU
		{CE68F2B7-B33B-48CF-A610-D73A3007F51E}.Release|Any CPU.ActiveCfg = Release|Any CPU
		{CE68F2B7-B33B-48CF-A610-D73A3007F51E}.Release|Any CPU.Build.0 = Release|Any CPU
	EndGlobalSection
	GlobalSection(SolutionProperties) = preSolution
		HideSolutionNode = FALSE
	EndGlobalSection
	GlobalSection(NestedProjects) = preSolution
		{B421E650-7F10-4EA2-A2F2-B9CC416966EB} = {D08D5364-E14E-4319-AAE8-90CE057E456D}
		{CE68F2B7-B33B-48CF-A610-D73A3007F51E} = {D08D5364-E14E-4319-AAE8-90CE057E456D}
	EndGlobalSection
	GlobalSection(ExtensibilityGlobals) = postSolution
		SolutionGuid = {FF792250-45D5-4244-A61F-9C85B0A9208C}
	EndGlobalSection
EndGlobal
